github.com/Hatch1fy/cron v0.4.75 h1:JMjHVLp/J2vDiATjPyWaRAPZwtKnlqkei1XXuNxHTAw=
github.com/Hatch1fy/cron v0.4.75/go.mod h1:srziZhU5rAzVXoUSkVkzq3iZOk+u+Y7pV3nL+dXN9L4=
github.com/Hatch1fy/errors v0.4.75 h1:9E76gJQI4S8zJTu40B5HYg2CnYhRbOl7u5/tk+tqTc0=
github.com/Hatch1fy/errors v0.4.75/go.mod h1:SJFCeScmERvwtYMG7EU24Fe0KfXmiIs7tNlcIl0STKk=
github.com/hatchify/colors v0.4.75 h1:eBz570FFv/rLKimsm93F0uAahzCWBXeiixQT63a4jB0=
github.com/hatchify/colors v0.4.75/go.mod h1:t0952Ef1zDFMVTCkOwhrdJS9ToVWTdcJ3PWCHZADLuU=
github.com/hatchify/scribe v0.4.75 h1:IjiTIZDizZfjxp7OfqsDW3Pn52Na61Ybf4Mm91s3T1s=
github.com/hatchify/scribe v0.4.75/go.mod h1:8+L/1XA0lJCbP8qcXNLud97sxpszgsxtB4U+z3gvWG8=
github.com/hatchify/stringset v0.4.75 h1:B7761bc6cpBvwgssc1s+1DBFp5ym2DQuGj5B1E16svU=
github.com/hatchify/stringset v0.4.75/go.mod h1:bKqgmbhsxVL+o2JiWcmBUhPS9GOSQFwkJtgXJynjGps=
