github.com/Hatch1fy/cron v0.4.80 h1:4/qX1Y7xGaN0EyrjZN9Z3MpJMfsOrgsgPz4iQsXEwiY=
github.com/Hatch1fy/cron v0.4.80/go.mod h1:srziZhU5rAzVXoUSkVkzq3iZOk+u+Y7pV3nL+dXN9L4=
github.com/Hatch1fy/errors v0.4.80 h1:LBr5Elytx6npBlF/36KTamC6I7h6VqkOVkRkbIdj3xY=
github.com/Hatch1fy/errors v0.4.80/go.mod h1:SJFCeScmERvwtYMG7EU24Fe0KfXmiIs7tNlcIl0STKk=
github.com/hatchify/colors v0.4.79 h1:E7LXqZVYDFNaTcQGxlBSfEKQ2rByeAUW84uKkat3AoA=
github.com/hatchify/colors v0.4.79/go.mod h1:t0952Ef1zDFMVTCkOwhrdJS9ToVWTdcJ3PWCHZADLuU=
github.com/hatchify/scribe v0.4.84 h1:ybVsaWeGSY1mc4U/GYG8db23JvRcGFxxyGNQBaFivps=
github.com/hatchify/scribe v0.4.84/go.mod h1:IpaksMO2cFlsCjTdYyx5gP6R+2j/P41sIERg+vhwoSs=
github.com/hatchify/stringset v0.4.79 h1:R/mxFEDeLVb9LDO/eaXlpeO3SxyjsnUI6iWaY7Iy57Y=
github.com/hatchify/stringset v0.4.79/go.mod h1:bKqgmbhsxVL+o2JiWcmBUhPS9GOSQFwkJtgXJynjGps=
